// !$*UTF8*$!
{
	archiveVersion = 1;
	classes = {
	};
	objectVersion = 50;
	objects = {

/* Begin PBXBuildFile section */
		37E2D35825FE725D00F0A4D0 /* swiftui_instagram_cloneApp.swift in Sources */ = {isa = PBXBuildFile; fileRef = 37E2D35725FE725D00F0A4D0 /* swiftui_instagram_cloneApp.swift */; };
		37E2D35A25FE725D00F0A4D0 /* ContentView.swift in Sources */ = {isa = PBXBuildFile; fileRef = 37E2D35925FE725D00F0A4D0 /* ContentView.swift */; };
		37E2D35C25FE725E00F0A4D0 /* Assets.xcassets in Resources */ = {isa = PBXBuildFile; fileRef = 37E2D35B25FE725E00F0A4D0 /* Assets.xcassets */; };
		37E2D35F25FE725E00F0A4D0 /* Preview Assets.xcassets in Resources */ = {isa = PBXBuildFile; fileRef = 37E2D35E25FE725E00F0A4D0 /* Preview Assets.xcassets */; };
		37E2D36825FE74A000F0A4D0 /* Author.swift in Sources */ = {isa = PBXBuildFile; fileRef = 37E2D36725FE74A000F0A4D0 /* Author.swift */; };
		37E2D36B25FE74AA00F0A4D0 /* Post.swift in Sources */ = {isa = PBXBuildFile; fileRef = 37E2D36A25FE74AA00F0A4D0 /* Post.swift */; };
/* End PBXBuildFile section */

/* Begin PBXFileReference section */
		37E2D35425FE725D00F0A4D0 /* swiftui-instagram-clone.app */ = {isa = PBXFileReference; explicitFileType = wrapper.application; includeInIndex = 0; path = "swiftui-instagram-clone.app"; sourceTree = BUILT_PRODUCTS_DIR; };
		37E2D35725FE725D00F0A4D0 /* swiftui_instagram_cloneApp.swift */ = {isa = PBXFileReference; lastKnownFileType = sourcecode.swift; path = swiftui_instagram_cloneApp.swift; sourceTree = "<group>"; };
		37E2D35925FE725D00F0A4D0 /* ContentView.swift */ = {isa = PBXFileReference; lastKnownFileType = sourcecode.swift; path = ContentView.swift; sourceTree = "<group>"; };
		37E2D35B25FE725E00F0A4D0 /* Assets.xcassets */ = {isa = PBXFileReference; lastKnownFileType = folder.assetcatalog; path = Assets.xcassets; sourceTree = "<group>"; };
		37E2D35E25FE725E00F0A4D0 /* Preview Assets.xcassets */ = {isa = PBXFileReference; lastKnownFileType = folder.assetcatalog; path = "Preview Assets.xcassets"; sourceTree = "<group>"; };
		37E2D36025FE725E00F0A4D0 /* Info.plist */ = {isa = PBXFileReference; lastKnownFileType = text.plist.xml; path = Info.plist; sourceTree = "<group>"; };
		37E2D36725FE74A000F0A4D0 /* Author.swift */ = {isa = PBXFileReference; fileEncoding = 4; lastKnownFileType = sourcecode.swift; path = Author.swift; sourceTree = "<group>"; };
		37E2D36A25FE74AA00F0A4D0 /* Post.swift */ = {isa = PBXFileReference; fileEncoding = 4; lastKnownFileType = sourcecode.swift; path = Post.swift; sourceTree = "<group>"; };
/* End PBXFileReference section */

/* Begin PBXFrameworksBuildPhase section */
		37E2D35125FE725D00F0A4D0 /* Frameworks */ = {
			isa = PBXFrameworksBuildPhase;
			buildActionMask = 2147483647;
			files = (
			);
			runOnlyForDeploymentPostprocessing = 0;
		};
/* End PBXFrameworksBuildPhase section */

/* Begin PBXGroup section */
		37E2D34B25FE725D00F0A4D0 = {
			isa = PBXGroup;
			children = (
				37E2D35625FE725D00F0A4D0 /* swiftui-instagram-clone */,
				37E2D35525FE725D00F0A4D0 /* Products */,
			);
			sourceTree = "<group>";
		};
		37E2D35525FE725D00F0A4D0 /* Products */ = {
			isa = PBXGroup;
			children = (
				37E2D35425FE725D00F0A4D0 /* swiftui-instagram-clone.app */,
			);
			name = Products;
			sourceTree = "<group>";
		};
		37E2D35625FE725D00F0A4D0 /* swiftui-instagram-clone */ = {
			isa = PBXGroup;
			children = (
				37E2D35725FE725D00F0A4D0 /* swiftui_instagram_cloneApp.swift */,
				37E2D35925FE725D00F0A4D0 /* ContentView.swift */,
				37E2D36725FE74A000F0A4D0 /* Author.swift */,
				37E2D36A25FE74AA00F0A4D0 /* Post.swift */,
				37E2D35B25FE725E00F0A4D0 /* Assets.xcassets */,
				37E2D36025FE725E00F0A4D0 /* Info.plist */,
				37E2D35D25FE725E00F0A4D0 /* Preview Content */,
			);
			path = "swiftui-instagram-clone";
			sourceTree = "<group>";
		};
		37E2D35D25FE725E00F0A4D0 /* Preview Content */ = {
			isa = PBXGroup;
			children = (
				37E2D35E25FE725E00F0A4D0 /* Preview Assets.xcassets */,
			);
			path = "Preview Content";
			sourceTree = "<group>";
		};
/* End PBXGroup section */

/* Begin PBXNativeTarget section */
		37E2D35325FE725D00F0A4D0 /* swiftui-instagram-clone */ = {
			isa = PBXNativeTarget;
			buildConfigurationList = 37E2D36325FE725E00F0A4D0 /* Build configuration list for PBXNativeTarget "swiftui-instagram-clone" */;
			buildPhases = (
				37E2D35025FE725D00F0A4D0 /* Sources */,
				37E2D35125FE725D00F0A4D0 /* Frameworks */,
				37E2D35225FE725D00F0A4D0 /* Resources */,
			);
			buildRules = (
			);
			dependencies = (
			);
			name = "swiftui-instagram-clone";
			productName = "swiftui-instagram-clone";
			productReference = 37E2D35425FE725D00F0A4D0 /* swiftui-instagram-clone.app */;
			productType = "com.apple.product-type.application";
		};
/* End PBXNativeTarget section */

/* Begin PBXProject section */
		37E2D34C25FE725D00F0A4D0 /* Project object */ = {
			isa = PBXProject;
			attributes = {
				LastSwiftUpdateCheck = 1240;
				LastUpgradeCheck = 1240;
				TargetAttributes = {
					37E2D35325FE725D00F0A4D0 = {
						CreatedOnToolsVersion = 12.4;
					};
				};
			};
			buildConfigurationList = 37E2D34F25FE725D00F0A4D0 /* Build configuration list for PBXProject "swiftui-instagram-clone" */;
			compatibilityVersion = "Xcode 9.3";
			developmentRegion = en;
			hasScannedForEncodings = 0;
			knownRegions = (
				en,
				Base,
			);
			mainGroup = 37E2D34B25FE725D00F0A4D0;
			productRefGroup = 37E2D35525FE725D00F0A4D0 /* Products */;
			projectDirPath = "";
			projectRoot = "";
			targets = (
				37E2D35325FE725D00F0A4D0 /* swiftui-instagram-clone */,
			);
		};
/* End PBXProject section */

/* Begin PBXResourcesBuildPhase section */
		37E2D35225FE725D00F0A4D0 /* Resources */ = {
			isa = PBXResourcesBuildPhase;
			buildActionMask = 2147483647;
			files = (
				37E2D35F25FE725E00F0A4D0 /* Preview Assets.xcassets in Resources */,
				37E2D35C25FE725E00F0A4D0 /* Assets.xcassets in Resources */,
			);
			runOnlyForDeploymentPostprocessing = 0;
		};
/* End PBXResourcesBuildPhase section */

/* Begin PBXSourcesBuildPhase section */
		37E2D35025FE725D00F0A4D0 /* Sources */ = {
			isa = PBXSourcesBuildPhase;
			buildActionMask = 2147483647;
			files = (
				37E2D36825FE74A000F0A4D0 /* Author.swift in Sources */,
				37E2D35A25FE725D00F0A4D0 /* ContentView.swift in Sources */,
				37E2D35825FE725D00F0A4D0 /* swiftui_instagram_cloneApp.swift in Sources */,
				37E2D36B25FE74AA00F0A4D0 /* Post.swift in Sources */,
			);
			runOnlyForDeploymentPostprocessing = 0;
		};
/* End PBXSourcesBuildPhase section */

/* Begin XCBuildConfiguration section */
		37E2D36125FE725E00F0A4D0 /* Debug */ = {
			isa = XCBuildConfiguration;
			buildSettings = {
				ALWAYS_SEARCH_USER_PATHS = NO;
				CLANG_ANALYZER_NONNULL = YES;
				CLANG_ANALYZER_NUMBER_OBJECT_CONVERSION = YES_AGGRESSIVE;
				CLANG_CXX_LANGUAGE_STANDARD = "gnu++14";
				CLANG_CXX_LIBRARY = "libc++";
				CLANG_ENABLE_MODULES = YES;
				CLANG_ENABLE_OBJC_ARC = YES;
				CLANG_ENABLE_OBJC_WEAK = YES;
				CLANG_WARN_BLOCK_CAPTURE_AUTORELEASING = YES;
				CLANG_WARN_BOOL_CONVERSION = YES;
				CLANG_WARN_COMMA = YES;
				CLANG_WARN_CONSTANT_CONVERSION = YES;
				CLANG_WARN_DEPRECATED_OBJC_IMPLEMENTATIONS = YES;
				CLANG_WARN_DIRECT_OBJC_ISA_USAGE = YES_ERROR;
				CLANG_WARN_DOCUMENTATION_COMMENTS = YES;
				CLANG_WARN_EMPTY_BODY = YES;
				CLANG_WARN_ENUM_CONVERSION = YES;
				CLANG_WARN_INFINITE_RECURSION = YES;
				CLANG_WARN_INT_CONVERSION = YES;
				CLANG_WARN_NON_LITERAL_NULL_CONVERSION = YES;
				CLANG_WARN_OBJC_IMPLICIT_RETAIN_SELF = YES;
				CLANG_WARN_OBJC_LITERAL_CONVERSION = YES;
				CLANG_WARN_OBJC_ROOT_CLASS = YES_ERROR;
				CLANG_WARN_QUOTED_INCLUDE_IN_FRAMEWORK_HEADER = YES;
				CLANG_WARN_RANGE_LOOP_ANALYSIS = YES;
				CLANG_WARN_STRICT_PROTOTYPES = YES;
				CLANG_WARN_SUSPICIOUS_MOVE = YES;
				CLANG_WARN_UNGUARDED_AVAILABILITY = YES_AGGRESSIVE;
				CLANG_WARN_UNREACHABLE_CODE = YES;
				CLANG_WARN__DUPLICATE_METHOD_MATCH = YES;
				COPY_PHASE_STRIP = NO;
				DEBUG_INFORMATION_FORMAT = dwarf;
				ENABLE_STRICT_OBJC_MSGSEND = YES;
				ENABLE_TESTABILITY = YES;
				GCC_C_LANGUAGE_STANDARD = gnu11;
				GCC_DYNAMIC_NO_PIC = NO;
				GCC_NO_COMMON_BLOCKS = YES;
				GCC_OPTIMIZATION_LEVEL = 0;
				GCC_PREPROCESSOR_DEFINITIONS = (
					"DEBUG=1",
					"$(inherited)",
				);
				GCC_WARN_64_TO_32_BIT_CONVERSION = YES;
				GCC_WARN_ABOUT_RETURN_TYPE = YES_ERROR;
				GCC_WARN_UNDECLARED_SELECTOR = YES;
				GCC_WARN_UNINITIALIZED_AUTOS = YES_AGGRESSIVE;
				GCC_WARN_UNUSED_FUNCTION = YES;
				GCC_WARN_UNUSED_VARIABLE = YES;
				IPHONEOS_DEPLOYMENT_TARGET = 14.4;
				MTL_ENABLE_DEBUG_INFO = INCLUDE_SOURCE;
				MTL_FAST_MATH = YES;
				ONLY_ACTIVE_ARCH = YES;
				SDKROOT = iphoneos;
				SWIFT_ACTIVE_COMPILATION_CONDITIONS = DEBUG;
				SWIFT_OPTIMIZATION_LEVEL = "-Onone";
			};
			name = Debug;
		};
		37E2D36225FE725E00F0A4D0 /* Release */ = {
			isa = XCBuildConfiguration;
			buildSettings = {
				ALWAYS_SEARCH_USER_PATHS = NO;
				CLANG_ANALYZER_NONNULL = YES;
				CLANG_ANALYZER_NUMBER_OBJECT_CONVERSION = YES_AGGRESSIVE;
				CLANG_CXX_LANGUAGE_STANDARD = "gnu++14";
				CLANG_CXX_LIBRARY = "libc++";
				CLANG_ENABLE_MODULES = YES;
				CLANG_ENABLE_OBJC_ARC = YES;
				CLANG_ENABLE_OBJC_WEAK = YES;
				CLANG_WARN_BLOCK_CAPTURE_AUTORELEASING = YES;
				CLANG_WARN_BOOL_CONVERSION = YES;
				CLANG_WARN_COMMA = YES;
				CLANG_WARN_CONSTANT_CONVERSION = YES;
				CLANG_WARN_DEPRECATED_OBJC_IMPLEMENTATIONS = YES;
				CLANG_WARN_DIRECT_OBJC_ISA_USAGE = YES_ERROR;
				CLANG_WARN_DOCUMENTATION_COMMENTS = YES;
				CLANG_WARN_EMPTY_BODY = YES;
				CLANG_WARN_ENUM_CONVERSION = YES;
				CLANG_WARN_INFINITE_RECURSION = YES;
				CLANG_WARN_INT_CONVERSION = YES;
				CLANG_WARN_NON_LITERAL_NULL_CONVERSION = YES;
				CLANG_WARN_OBJC_IMPLICIT_RETAIN_SELF = YES;
				CLANG_WARN_OBJC_LITERAL_CONVERSION = YES;
				CLANG_WARN_OBJC_ROOT_CLASS = YES_ERROR;
				CLANG_WARN_QUOTED_INCLUDE_IN_FRAMEWORK_HEADER = YES;
				CLANG_WARN_RANGE_LOOP_ANALYSIS = YES;
				CLANG_WARN_STRICT_PROTOTYPES = YES;
				CLANG_WARN_SUSPICIOUS_MOVE = YES;
				CLANG_WARN_UNGUARDED_AVAILABILITY = YES_AGGRESSIVE;
				CLANG_WARN_UNREACHABLE_CODE = YES;
				CLANG_WARN__DUPLICATE_METHOD_MATCH = YES;
				COPY_PHASE_STRIP = NO;
				DEBUG_INFORMATION_FORMAT = "dwarf-with-dsym";
				ENABLE_NS_ASSERTIONS = NO;
				ENABLE_STRICT_OBJC_MSGSEND = YES;
				GCC_C_LANGUAGE_STANDARD = gnu11;
				GCC_NO_COMMON_BLOCKS = YES;
				GCC_WARN_64_TO_32_BIT_CONVERSION = YES;
				GCC_WARN_ABOUT_RETURN_TYPE = YES_ERROR;
				GCC_WARN_UNDECLARED_SELECTOR = YES;
				GCC_WARN_UNINITIALIZED_AUTOS = YES_AGGRESSIVE;
				GCC_WARN_UNUSED_FUNCTION = YES;
				GCC_WARN_UNUSED_VARIABLE = YES;
				IPHONEOS_DEPLOYMENT_TARGET = 14.4;
				MTL_ENABLE_DEBUG_INFO = NO;
				MTL_FAST_MATH = YES;
				SDKROOT = iphoneos;
				SWIFT_COMPILATION_MODE = wholemodule;
				SWIFT_OPTIMIZATION_LEVEL = "-O";
				VALIDATE_PRODUCT = YES;
			};
			name = Release;
		};
		37E2D36425FE725E00F0A4D0 /* Debug */ = {
			isa = XCBuildConfiguration;
			buildSettings = {
				ASSETCATALOG_COMPILER_APPICON_NAME = AppIcon;
				ASSETCATALOG_COMPILER_GLOBAL_ACCENT_COLOR_NAME = AccentColor;
				CODE_SIGN_STYLE = Automatic;
				DEVELOPMENT_ASSET_PATHS = "\"swiftui-instagram-clone/Preview Content\"";
				DEVELOPMENT_TEAM = BM8K25SVCR;
				ENABLE_PREVIEWS = YES;
				INFOPLIST_FILE = "swiftui-instagram-clone/Info.plist";
				IPHONEOS_DEPLOYMENT_TARGET = 14.0;
				LD_RUNPATH_SEARCH_PATHS = (
					"$(inherited)",
					"@executable_path/Frameworks",
				);
				PRODUCT_BUNDLE_IDENTIFIER = "com.nlhomme.swiftui-instagram-clone";
				PRODUCT_NAME = "$(TARGET_NAME)";
				SWIFT_VERSION = 5.0;
				TARGETED_DEVICE_FAMILY = "1,2";
			};
			name = Debug;
		};
		37E2D36525FE725E00F0A4D0 /* Release */ = {
			isa = XCBuildConfiguration;
			buildSettings = {
				ASSETCATALOG_COMPILER_APPICON_NAME = AppIcon;
				ASSETCATALOG_COMPILER_GLOBAL_ACCENT_COLOR_NAME = AccentColor;
				CODE_SIGN_STYLE = Automatic;
				DEVELOPMENT_ASSET_PATHS = "\"swiftui-instagram-clone/Preview Content\"";
				DEVELOPMENT_TEAM = BM8K25SVCR;
				ENABLE_PREVIEWS = YES;
				INFOPLIST_FILE = "swiftui-instagram-clone/Info.plist";
				IPHONEOS_DEPLOYMENT_TARGET = 14.0;
				LD_RUNPATH_SEARCH_PATHS = (
					"$(inherited)",
					"@executable_path/Frameworks",
				);
				PRODUCT_BUNDLE_IDENTIFIER = "com.nlhomme.swiftui-instagram-clone";
				PRODUCT_NAME = "$(TARGET_NAME)";
				SWIFT_VERSION = 5.0;
				TARGETED_DEVICE_FAMILY = "1,2";
			};
			name = Release;
		};
/* End XCBuildConfiguration section */

/* Begin XCConfigurationList section */
		37E2D34F25FE725D00F0A4D0 /* Build configuration list for PBXProject "swiftui-instagram-clone" */ = {
			isa = XCConfigurationList;
			buildConfigurations = (
				37E2D36125FE725E00F0A4D0 /* Debug */,
				37E2D36225FE725E00F0A4D0 /* Release */,
			);
			defaultConfigurationIsVisible = 0;
			defaultConfigurationName = Release;
		};
		37E2D36325FE725E00F0A4D0 /* Build configuration list for PBXNativeTarget "swiftui-instagram-clone" */ = {
			isa = XCConfigurationList;
			buildConfigurations = (
				37E2D36425FE725E00F0A4D0 /* Debug */,
				37E2D36525FE725E00F0A4D0 /* Release */,
			);
			defaultConfigurationIsVisible = 0;
			defaultConfigurationName = Release;
		};
/* End XCConfigurationList section */
	};
	rootObject = 37E2D34C25FE725D00F0A4D0 /* Project object */;
}
